
Microsoft Visual Studio Solution File, Format Version 12.00
# Visual Studio 2012
Project("{FAE04EC0-301F-11D3-BF4B-00C04F79EFBC}") = "DominionPicker", "DominionPicker.csproj", "{6AE8F7D0-02DA-4031-8C37-6470FE1A98D0}"
EndProject
Project("{2150E333-8FDC-42A3-9474-1A3956D46DE8}") = "Solution Items", "Solution Items", "{9090B0EB-BCE7-4D53-B26C-374A23554682}"
	ProjectSection(SolutionItems) = preProject
		.nuget\NuGet.Config = .nuget\NuGet.Config
		.nuget\NuGet.exe = .nuget\NuGet.exe
		.nuget\NuGet.targets = .nuget\NuGet.targets
	EndProjectSection
EndProject
Project("{2150E333-8FDC-42A3-9474-1A3956D46DE8}") = ".nuget", ".nuget", "{1A72C00F-419B-4721-AD16-97B597F3AABC}"
	ProjectSection(SolutionItems) = preProject
		.nuget\NuGet.Config = .nuget\NuGet.Config
		.nuget\NuGet.exe = .nuget\NuGet.exe
		.nuget\NuGet.targets = .nuget\NuGet.targets
	EndProjectSection
EndProject
Global
	GlobalSection(SolutionConfigurationPlatforms) = preSolution
		Debug|Any CPU = Debug|Any CPU
		Release|Any CPU = Release|Any CPU
	EndGlobalSection
	GlobalSection(ProjectConfigurationPlatforms) = postSolution
		{6AE8F7D0-02DA-4031-8C37-6470FE1A98D0}.Debug|Any CPU.ActiveCfg = Debug|Any CPU
		{6AE8F7D0-02DA-4031-8C37-6470FE1A98D0}.Debug|Any CPU.Build.0 = Debug|Any CPU
		{6AE8F7D0-02DA-4031-8C37-6470FE1A98D0}.Debug|Any CPU.Deploy.0 = Debug|Any CPU
		{6AE8F7D0-02DA-4031-8C37-6470FE1A98D0}.Release|Any CPU.ActiveCfg = Release|Any CPU
		{6AE8F7D0-02DA-4031-8C37-6470FE1A98D0}.Release|Any CPU.Build.0 = Release|Any CPU
		{6AE8F7D0-02DA-4031-8C37-6470FE1A98D0}.Release|Any CPU.Deploy.0 = Release|Any CPU
	EndGlobalSection
	GlobalSection(SolutionProperties) = preSolution
		HideSolutionNode = FALSE
	EndGlobalSection
EndGlobal
